// !$*UTF8*$!
{
	archiveVersion = 1;
	classes = {
	};
	objectVersion = 56;
	objects = {

/* Begin PBXBuildFile section */
		2B372DA52B7CD4D700D37CA2 /* AppDelegate.m in Sources */ = {isa = PBXBuildFile; fileRef = 2B372DA42B7CD4D700D37CA2 /* AppDelegate.m */; };
		2B372DA82B7CD4D700D37CA2 /* SceneDelegate.m in Sources */ = {isa = PBXBuildFile; fileRef = 2B372DA72B7CD4D700D37CA2 /* SceneDelegate.m */; };
		2B372DAB2B7CD4D700D37CA2 /* ViewController.m in Sources */ = {isa = PBXBuildFile; fileRef = 2B372DAA2B7CD4D700D37CA2 /* ViewController.m */; };
		2B372DAE2B7CD4D700D37CA2 /* Main.storyboard in Resources */ = {isa = PBXBuildFile; fileRef = 2B372DAC2B7CD4D700D37CA2 /* Main.storyboard */; };
		2B372DB02B7CD4D900D37CA2 /* Assets.xcassets in Resources */ = {isa = PBXBuildFile; fileRef = 2B372DAF2B7CD4D900D37CA2 /* Assets.xcassets */; };
		2B372DB32B7CD4D900D37CA2 /* LaunchScreen.storyboard in Resources */ = {isa = PBXBuildFile; fileRef = 2B372DB12B7CD4D900D37CA2 /* LaunchScreen.storyboard */; };
		2B372DB62B7CD4D900D37CA2 /* main.m in Sources */ = {isa = PBXBuildFile; fileRef = 2B372DB52B7CD4D900D37CA2 /* main.m */; };
/* End PBXBuildFile section */

/* Begin PBXFileReference section */
		2B372DA02B7CD4D700D37CA2 /* What's Your Story.app */ = {isa = PBXFileReference; explicitFileType = wrapper.application; includeInIndex = 0; path = "What's Your Story.app"; sourceTree = BUILT_PRODUCTS_DIR; };
		2B372DA32B7CD4D700D37CA2 /* AppDelegate.h */ = {isa = PBXFileReference; lastKnownFileType = sourcecode.c.h; path = AppDelegate.h; sourceTree = "<group>"; };
		2B372DA42B7CD4D700D37CA2 /* AppDelegate.m */ = {isa = PBXFileReference; lastKnownFileType = sourcecode.c.objc; path = AppDelegate.m; sourceTree = "<group>"; };
		2B372DA62B7CD4D700D37CA2 /* SceneDelegate.h */ = {isa = PBXFileReference; lastKnownFileType = sourcecode.c.h; path = SceneDelegate.h; sourceTree = "<group>"; };
		2B372DA72B7CD4D700D37CA2 /* SceneDelegate.m */ = {isa = PBXFileReference; lastKnownFileType = sourcecode.c.objc; path = SceneDelegate.m; sourceTree = "<group>"; };
		2B372DA92B7CD4D700D37CA2 /* ViewController.h */ = {isa = PBXFileReference; lastKnownFileType = sourcecode.c.h; path = ViewController.h; sourceTree = "<group>"; };
		2B372DAA2B7CD4D700D37CA2 /* ViewController.m */ = {isa = PBXFileReference; lastKnownFileType = sourcecode.c.objc; path = ViewController.m; sourceTree = "<group>"; };
		2B372DAD2B7CD4D700D37CA2 /* Base */ = {isa = PBXFileReference; lastKnownFileType = file.storyboard; name = Base; path = Base.lproj/Main.storyboard; sourceTree = "<group>"; };
		2B372DAF2B7CD4D900D37CA2 /* Assets.xcassets */ = {isa = PBXFileReference; lastKnownFileType = folder.assetcatalog; path = Assets.xcassets; sourceTree = "<group>"; };
		2B372DB22B7CD4D900D37CA2 /* Base */ = {isa = PBXFileReference; lastKnownFileType = file.storyboard; name = Base; path = Base.lproj/LaunchScreen.storyboard; sourceTree = "<group>"; };
		2B372DB42B7CD4D900D37CA2 /* Info.plist */ = {isa = PBXFileReference; lastKnownFileType = text.plist.xml; path = Info.plist; sourceTree = "<group>"; };
		2B372DB52B7CD4D900D37CA2 /* main.m */ = {isa = PBXFileReference; lastKnownFileType = sourcecode.c.objc; path = main.m; sourceTree = "<group>"; };
/* End PBXFileReference section */

/* Begin PBXFrameworksBuildPhase section */
		2B372D9D2B7CD4D700D37CA2 /* Frameworks */ = {
			isa = PBXFrameworksBuildPhase;
			buildActionMask = 2147483647;
			files = (
			);
			runOnlyForDeploymentPostprocessing = 0;
		};
/* End PBXFrameworksBuildPhase section */

/* Begin PBXGroup section */
		2B372D972B7CD4D700D37CA2 = {
			isa = PBXGroup;
			children = (
				2B372DA22B7CD4D700D37CA2 /* What's Your Story */,
				2B372DA12B7CD4D700D37CA2 /* Products */,
			);
			sourceTree = "<group>";
		};
		2B372DA12B7CD4D700D37CA2 /* Products */ = {
			isa = PBXGroup;
			children = (
				2B372DA02B7CD4D700D37CA2 /* What's Your Story.app */,
			);
			name = Products;
			sourceTree = "<group>";
		};
		2B372DA22B7CD4D700D37CA2 /* What's Your Story */ = {
			isa = PBXGroup;
			children = (
				2B372DA32B7CD4D700D37CA2 /* AppDelegate.h */,
				2B372DA42B7CD4D700D37CA2 /* AppDelegate.m */,
				2B372DA62B7CD4D700D37CA2 /* SceneDelegate.h */,
				2B372DA72B7CD4D700D37CA2 /* SceneDelegate.m */,
				2B372DA92B7CD4D700D37CA2 /* ViewController.h */,
				2B372DAA2B7CD4D700D37CA2 /* ViewController.m */,
				2B372DAC2B7CD4D700D37CA2 /* Main.storyboard */,
				2B372DAF2B7CD4D900D37CA2 /* Assets.xcassets */,
				2B372DB12B7CD4D900D37CA2 /* LaunchScreen.storyboard */,
				2B372DB42B7CD4D900D37CA2 /* Info.plist */,
				2B372DB52B7CD4D900D37CA2 /* main.m */,
			);
			path = "What's Your Story";
			sourceTree = "<group>";
		};
/* End PBXGroup section */

/* Begin PBXNativeTarget section */
		2B372D9F2B7CD4D700D37CA2 /* What's Your Story */ = {
			isa = PBXNativeTarget;
			buildConfigurationList = 2B372DB92B7CD4D900D37CA2 /* Build configuration list for PBXNativeTarget "What's Your Story" */;
			buildPhases = (
				2B372D9C2B7CD4D700D37CA2 /* Sources */,
				2B372D9D2B7CD4D700D37CA2 /* Frameworks */,
				2B372D9E2B7CD4D700D37CA2 /* Resources */,
			);
			buildRules = (
			);
			dependencies = (
			);
			name = "What's Your Story";
			productName = "What's Your Story";
			productReference = 2B372DA02B7CD4D700D37CA2 /* What's Your Story.app */;
			productType = "com.apple.product-type.application";
		};
/* End PBXNativeTarget section */

/* Begin PBXProject section */
		2B372D982B7CD4D700D37CA2 /* Project object */ = {
			isa = PBXProject;
			attributes = {
				BuildIndependentTargetsInParallel = 1;
				LastUpgradeCheck = 1520;
				TargetAttributes = {
					2B372D9F2B7CD4D700D37CA2 = {
						CreatedOnToolsVersion = 15.2;
					};
				};
			};
			buildConfigurationList = 2B372D9B2B7CD4D700D37CA2 /* Build configuration list for PBXProject "What's Your Story" */;
			compatibilityVersion = "Xcode 14.0";
			developmentRegion = en;
			hasScannedForEncodings = 0;
			knownRegions = (
				en,
				Base,
			);
			mainGroup = 2B372D972B7CD4D700D37CA2;
			productRefGroup = 2B372DA12B7CD4D700D37CA2 /* Products */;
			projectDirPath = "";
			projectRoot = "";
			targets = (
				2B372D9F2B7CD4D700D37CA2 /* What's Your Story */,
			);
		};
/* End PBXProject section */

/* Begin PBXResourcesBuildPhase section */
		2B372D9E2B7CD4D700D37CA2 /* Resources */ = {
			isa = PBXResourcesBuildPhase;
			buildActionMask = 2147483647;
			files = (
				2B372DB32B7CD4D900D37CA2 /* LaunchScreen.storyboard in Resources */,
				2B372DB02B7CD4D900D37CA2 /* Assets.xcassets in Resources */,
				2B372DAE2B7CD4D700D37CA2 /* Main.storyboard in Resources */,
			);
			runOnlyForDeploymentPostprocessing = 0;
		};
/* End PBXResourcesBuildPhase section */

/* Begin PBXSourcesBuildPhase section */
		2B372D9C2B7CD4D700D37CA2 /* Sources */ = {
			isa = PBXSourcesBuildPhase;
			buildActionMask = 2147483647;
			files = (
				2B372DAB2B7CD4D700D37CA2 /* ViewController.m in Sources */,
				2B372DA52B7CD4D700D37CA2 /* AppDelegate.m in Sources */,
				2B372DB62B7CD4D900D37CA2 /* main.m in Sources */,
				2B372DA82B7CD4D700D37CA2 /* SceneDelegate.m in Sources */,
			);
			runOnlyForDeploymentPostprocessing = 0;
		};
/* End PBXSourcesBuildPhase section */

/* Begin PBXVariantGroup section */
		2B372DAC2B7CD4D700D37CA2 /* Main.storyboard */ = {
			isa = PBXVariantGroup;
			children = (
				2B372DAD2B7CD4D700D37CA2 /* Base */,
			);
			name = Main.storyboard;
			sourceTree = "<group>";
		};
		2B372DB12B7CD4D900D37CA2 /* LaunchScreen.storyboard */ = {
			isa = PBXVariantGroup;
			children = (
				2B372DB22B7CD4D900D37CA2 /* Base */,
			);
			name = LaunchScreen.storyboard;
			sourceTree = "<group>";
		};
/* End PBXVariantGroup section */

/* Begin XCBuildConfiguration section */
		2B372DB72B7CD4D900D37CA2 /* Debug */ = {
			isa = XCBuildConfiguration;
			buildSettings = {
				ALWAYS_SEARCH_USER_PATHS = NO;
				ASSETCATALOG_COMPILER_GENERATE_SWIFT_ASSET_SYMBOL_EXTENSIONS = YES;
				CLANG_ANALYZER_NONNULL = YES;
				CLANG_ANALYZER_NUMBER_OBJECT_CONVERSION = YES_AGGRESSIVE;
				CLANG_CXX_LANGUAGE_STANDARD = "gnu++20";
				CLANG_ENABLE_MODULES = YES;
				CLANG_ENABLE_OBJC_ARC = YES;
				CLANG_ENABLE_OBJC_WEAK = YES;
				CLANG_WARN_BLOCK_CAPTURE_AUTORELEASING = YES;
				CLANG_WARN_BOOL_CONVERSION = YES;
				CLANG_WARN_COMMA = YES;
				CLANG_WARN_CONSTANT_CONVERSION = YES;
				CLANG_WARN_DEPRECATED_OBJC_IMPLEMENTATIONS = YES;
				CLANG_WARN_DIRECT_OBJC_ISA_USAGE = YES_ERROR;
				CLANG_WARN_DOCUMENTATION_COMMENTS = YES;
				CLANG_WARN_EMPTY_BODY = YES;
				CLANG_WARN_ENUM_CONVERSION = YES;
				CLANG_WARN_INFINITE_RECURSION = YES;
				CLANG_WARN_INT_CONVERSION = YES;
				CLANG_WARN_NON_LITERAL_NULL_CONVERSION = YES;
				CLANG_WARN_OBJC_IMPLICIT_RETAIN_SELF = YES;
				CLANG_WARN_OBJC_LITERAL_CONVERSION = YES;
				CLANG_WARN_OBJC_ROOT_CLASS = YES_ERROR;
				CLANG_WARN_QUOTED_INCLUDE_IN_FRAMEWORK_HEADER = YES;
				CLANG_WARN_RANGE_LOOP_ANALYSIS = YES;
				CLANG_WARN_STRICT_PROTOTYPES = YES;
				CLANG_WARN_SUSPICIOUS_MOVE = YES;
				CLANG_WARN_UNGUARDED_AVAILABILITY = YES_AGGRESSIVE;
				CLANG_WARN_UNREACHABLE_CODE = YES;
				CLANG_WARN__DUPLICATE_METHOD_MATCH = YES;
				COPY_PHASE_STRIP = NO;
				DEBUG_INFORMATION_FORMAT = dwarf;
				ENABLE_STRICT_OBJC_MSGSEND = YES;
				ENABLE_TESTABILITY = YES;
				ENABLE_USER_SCRIPT_SANDBOXING = YES;
				GCC_C_LANGUAGE_STANDARD = gnu17;
				GCC_DYNAMIC_NO_PIC = NO;
				GCC_NO_COMMON_BLOCKS = YES;
				GCC_OPTIMIZATION_LEVEL = 0;
				GCC_PREPROCESSOR_DEFINITIONS = (
					"DEBUG=1",
					"$(inherited)",
				);
				GCC_WARN_64_TO_32_BIT_CONVERSION = YES;
				GCC_WARN_ABOUT_RETURN_TYPE = YES_ERROR;
				GCC_WARN_UNDECLARED_SELECTOR = YES;
				GCC_WARN_UNINITIALIZED_AUTOS = YES_AGGRESSIVE;
				GCC_WARN_UNUSED_FUNCTION = YES;
				GCC_WARN_UNUSED_VARIABLE = YES;
				IPHONEOS_DEPLOYMENT_TARGET = 17.2;
				LOCALIZATION_PREFERS_STRING_CATALOGS = YES;
				MTL_ENABLE_DEBUG_INFO = INCLUDE_SOURCE;
				MTL_FAST_MATH = YES;
				ONLY_ACTIVE_ARCH = YES;
				SDKROOT = iphoneos;
			};
			name = Debug;
		};
		2B372DB82B7CD4D900D37CA2 /* Release */ = {
			isa = XCBuildConfiguration;
			buildSettings = {
				ALWAYS_SEARCH_USER_PATHS = NO;
				ASSETCATALOG_COMPILER_GENERATE_SWIFT_ASSET_SYMBOL_EXTENSIONS = YES;
				CLANG_ANALYZER_NONNULL = YES;
				CLANG_ANALYZER_NUMBER_OBJECT_CONVERSION = YES_AGGRESSIVE;
				CLANG_CXX_LANGUAGE_STANDARD = "gnu++20";
				CLANG_ENABLE_MODULES = YES;
				CLANG_ENABLE_OBJC_ARC = YES;
				CLANG_ENABLE_OBJC_WEAK = YES;
				CLANG_WARN_BLOCK_CAPTURE_AUTORELEASING = YES;
				CLANG_WARN_BOOL_CONVERSION = YES;
				CLANG_WARN_COMMA = YES;
				CLANG_WARN_CONSTANT_CONVERSION = YES;
				CLANG_WARN_DEPRECATED_OBJC_IMPLEMENTATIONS = YES;
				CLANG_WARN_DIRECT_OBJC_ISA_USAGE = YES_ERROR;
				CLANG_WARN_DOCUMENTATION_COMMENTS = YES;
				CLANG_WARN_EMPTY_BODY = YES;
				CLANG_WARN_ENUM_CONVERSION = YES;
				CLANG_WARN_INFINITE_RECURSION = YES;
				CLANG_WARN_INT_CONVERSION = YES;
				CLANG_WARN_NON_LITERAL_NULL_CONVERSION = YES;
				CLANG_WARN_OBJC_IMPLICIT_RETAIN_SELF = YES;
				CLANG_WARN_OBJC_LITERAL_CONVERSION = YES;
				CLANG_WARN_OBJC_ROOT_CLASS = YES_ERROR;
				CLANG_WARN_QUOTED_INCLUDE_IN_FRAMEWORK_HEADER = YES;
				CLANG_WARN_RANGE_LOOP_ANALYSIS = YES;
				CLANG_WARN_STRICT_PROTOTYPES = YES;
				CLANG_WARN_SUSPICIOUS_MOVE = YES;
				CLANG_WARN_UNGUARDED_AVAILABILITY = YES_AGGRESSIVE;
				CLANG_WARN_UNREACHABLE_CODE = YES;
				CLANG_WARN__DUPLICATE_METHOD_MATCH = YES;
				COPY_PHASE_STRIP = NO;
				DEBUG_INFORMATION_FORMAT = "dwarf-with-dsym";
				ENABLE_NS_ASSERTIONS = NO;
				ENABLE_STRICT_OBJC_MSGSEND = YES;
				ENABLE_USER_SCRIPT_SANDBOXING = YES;
				GCC_C_LANGUAGE_STANDARD = gnu17;
				GCC_NO_COMMON_BLOCKS = YES;
				GCC_WARN_64_TO_32_BIT_CONVERSION = YES;
				GCC_WARN_ABOUT_RETURN_TYPE = YES_ERROR;
				GCC_WARN_UNDECLARED_SELECTOR = YES;
				GCC_WARN_UNINITIALIZED_AUTOS = YES_AGGRESSIVE;
				GCC_WARN_UNUSED_FUNCTION = YES;
				GCC_WARN_UNUSED_VARIABLE = YES;
				IPHONEOS_DEPLOYMENT_TARGET = 17.2;
				LOCALIZATION_PREFERS_STRING_CATALOGS = YES;
				MTL_ENABLE_DEBUG_INFO = NO;
				MTL_FAST_MATH = YES;
				SDKROOT = iphoneos;
				VALIDATE_PRODUCT = YES;
			};
			name = Release;
		};
		2B372DBA2B7CD4D900D37CA2 /* Debug */ = {
			isa = XCBuildConfiguration;
			buildSettings = {
				ASSETCATALOG_COMPILER_APPICON_NAME = AppIcon;
				ASSETCATALOG_COMPILER_GLOBAL_ACCENT_COLOR_NAME = AccentColor;
				CODE_SIGN_STYLE = Automatic;
				CURRENT_PROJECT_VERSION = 1;
				GENERATE_INFOPLIST_FILE = YES;
				INFOPLIST_FILE = "What's Your Story/Info.plist";
				INFOPLIST_KEY_UIApplicationSupportsIndirectInputEvents = YES;
				INFOPLIST_KEY_UILaunchStoryboardName = LaunchScreen;
				INFOPLIST_KEY_UIMainStoryboardFile = Main;
				INFOPLIST_KEY_UISupportedInterfaceOrientations_iPad = "UIInterfaceOrientationPortrait UIInterfaceOrientationPortraitUpsideDown UIInterfaceOrientationLandscapeLeft UIInterfaceOrientationLandscapeRight";
				INFOPLIST_KEY_UISupportedInterfaceOrientations_iPhone = "UIInterfaceOrientationPortrait UIInterfaceOrientationLandscapeLeft UIInterfaceOrientationLandscapeRight";
				LD_RUNPATH_SEARCH_PATHS = (
					"$(inherited)",
					"@executable_path/Frameworks",
				);
				MARKETING_VERSION = 1.0;
				PRODUCT_BUNDLE_IDENTIFIER = "Kaiqi-Liang.What-s-Your-Story";
				PRODUCT_NAME = "$(TARGET_NAME)";
				SWIFT_EMIT_LOC_STRINGS = YES;
				TARGETED_DEVICE_FAMILY = "1,2";
			};
			name = Debug;
		};
		2B372DBB2B7CD4D900D37CA2 /* Release */ = {
			isa = XCBuildConfiguration;
			buildSettings = {
				ASSETCATALOG_COMPILER_APPICON_NAME = AppIcon;
				ASSETCATALOG_COMPILER_GLOBAL_ACCENT_COLOR_NAME = AccentColor;
				CODE_SIGN_STYLE = Automatic;
				CURRENT_PROJECT_VERSION = 1;
				GENERATE_INFOPLIST_FILE = YES;
				INFOPLIST_FILE = "What's Your Story/Info.plist";
				INFOPLIST_KEY_UIApplicationSupportsIndirectInputEvents = YES;
				INFOPLIST_KEY_UILaunchStoryboardName = LaunchScreen;
				INFOPLIST_KEY_UIMainStoryboardFile = Main;
				INFOPLIST_KEY_UISupportedInterfaceOrientations_iPad = "UIInterfaceOrientationPortrait UIInterfaceOrientationPortraitUpsideDown UIInterfaceOrientationLandscapeLeft UIInterfaceOrientationLandscapeRight";
				INFOPLIST_KEY_UISupportedInterfaceOrientations_iPhone = "UIInterfaceOrientationPortrait UIInterfaceOrientationLandscapeLeft UIInterfaceOrientationLandscapeRight";
				LD_RUNPATH_SEARCH_PATHS = (
					"$(inherited)",
					"@executable_path/Frameworks",
				);
				MARKETING_VERSION = 1.0;
				PRODUCT_BUNDLE_IDENTIFIER = "Kaiqi-Liang.What-s-Your-Story";
				PRODUCT_NAME = "$(TARGET_NAME)";
				SWIFT_EMIT_LOC_STRINGS = YES;
				TARGETED_DEVICE_FAMILY = "1,2";
			};
			name = Release;
		};
/* End XCBuildConfiguration section */

/* Begin XCConfigurationList section */
		2B372D9B2B7CD4D700D37CA2 /* Build configuration list for PBXProject "What's Your Story" */ = {
			isa = XCConfigurationList;
			buildConfigurations = (
				2B372DB72B7CD4D900D37CA2 /* Debug */,
				2B372DB82B7CD4D900D37CA2 /* Release */,
			);
			defaultConfigurationIsVisible = 0;
			defaultConfigurationName = Release;
		};
		2B372DB92B7CD4D900D37CA2 /* Build configuration list for PBXNativeTarget "What's Your Story" */ = {
			isa = XCConfigurationList;
			buildConfigurations = (
				2B372DBA2B7CD4D900D37CA2 /* Debug */,
				2B372DBB2B7CD4D900D37CA2 /* Release */,
			);
			defaultConfigurationIsVisible = 0;
			defaultConfigurationName = Release;
		};
/* End XCConfigurationList section */
	};
	rootObject = 2B372D982B7CD4D700D37CA2 /* Project object */;
}
